{
    "_meta": {
        "hash": {
            "sha256": "9cc5d2ae251c093ed44013a8fbe56f9d8f4dc1528a63dbafe8ae42f00577f1c5"
        },
        "pipfile-spec": 6,
        "requires": {
            "python_version": "3.7"
        },
        "sources": [
            {
                "name": "pypi",
                "url": "https://pypi.org/simple",
                "verify_ssl": true
            }
        ]
    },
    "default": {
        "django-cookies-samesite": {
            "hashes": [
                "sha256:bb36b42755bac2165494b743133344e731878900bcbd4dd42d746aa14c85c7ec"
            ],
            "index": "pypi",
            "version": "==0.8.0"
        },
        "django-samesite-none": {
            "hashes": [
                "sha256:b6b7920a69a1a510c319dbbd29b8b9f590468d5ed2d402e1d6749d7e353eb7d9",
                "sha256:ee4a7cecc12a09fbea5322d433b10bcb790db551029bc2bb4820d33633159aad"
            ],
            "index": "pypi",
            "version": "==0.0.3"
        },
        "ua-parser": {
            "hashes": [
                "sha256:46ab2e383c01dbd2ab284991b87d624a26a08f72da4d7d413f5bfab8b9036f8a",
                "sha256:47b1782ed130d890018d983fac37c2a80799d9e0b9c532e734c67cf70f185033"
            ],
            "version": "==0.10.0"
        }
    },
    "develop": {}
}
